
Microsoft Visual Studio Solution File, Format Version 12.00
# Visual Studio 15
VisualStudioVersion = 15.0.27428.2005
MinimumVisualStudioVersion = 10.0.40219.1
Project("{FAE04EC0-301F-11D3-BF4B-00C04F79EFBC}") = "L4-Frame", "L4-Frame\L4-Frame.csproj", "{E99BE684-DA1D-4C71-8FEB-84807DB298C7}"
EndProject
Global
	GlobalSection(SolutionConfigurationPlatforms) = preSolution
		Debug|Any CPU = Debug|Any CPU
		Release|Any CPU = Release|Any CPU
	EndGlobalSection
	GlobalSection(ProjectConfigurationPlatforms) = postSolution
		{E99BE684-DA1D-4C71-8FEB-84807DB298C7}.Debug|Any CPU.ActiveCfg = Debug|Any CPU
		{E99BE684-DA1D-4C71-8FEB-84807DB298C7}.Debug|Any CPU.Build.0 = Debug|Any CPU
		{E99BE684-DA1D-4C71-8FEB-84807DB298C7}.Release|Any CPU.ActiveCfg = Release|Any CPU
		{E99BE684-DA1D-4C71-8FEB-84807DB298C7}.Release|Any CPU.Build.0 = Release|Any CPU
	EndGlobalSection
	GlobalSection(SolutionProperties) = preSolution
		HideSolutionNode = FALSE
	EndGlobalSection
	GlobalSection(ExtensibilityGlobals) = postSolution
		SolutionGuid = {79E70751-D4BA-4411-BB61-445259112BFB}
	EndGlobalSection
EndGlobal
