
Microsoft Visual Studio Solution File, Format Version 12.00
# Visual Studio 15
VisualStudioVersion = 15.0.28307.271
MinimumVisualStudioVersion = 10.0.40219.1
Project("{FAE04EC0-301F-11D3-BF4B-00C04F79EFBC}") = "TestGitHub", "TestGitHub\TestGitHub.csproj", "{23F71D41-5A95-47E7-8E1D-ABD3A5B4EFDA}"
EndProject
Project("{FAE04EC0-301F-11D3-BF4B-00C04F79EFBC}") = "GitHubAutomation", "GitHubAutomation\GitHubAutomation.csproj", "{C2708C88-282C-4AAB-8205-E24897FF2A67}"
EndProject
Global
	GlobalSection(SolutionConfigurationPlatforms) = preSolution
		Debug|Any CPU = Debug|Any CPU
		Release|Any CPU = Release|Any CPU
	EndGlobalSection
	GlobalSection(ProjectConfigurationPlatforms) = postSolution
		{23F71D41-5A95-47E7-8E1D-ABD3A5B4EFDA}.Debug|Any CPU.ActiveCfg = Debug|Any CPU
		{23F71D41-5A95-47E7-8E1D-ABD3A5B4EFDA}.Debug|Any CPU.Build.0 = Debug|Any CPU
		{23F71D41-5A95-47E7-8E1D-ABD3A5B4EFDA}.Release|Any CPU.ActiveCfg = Release|Any CPU
		{23F71D41-5A95-47E7-8E1D-ABD3A5B4EFDA}.Release|Any CPU.Build.0 = Release|Any CPU
		{C2708C88-282C-4AAB-8205-E24897FF2A67}.Debug|Any CPU.ActiveCfg = Debug|Any CPU
		{C2708C88-282C-4AAB-8205-E24897FF2A67}.Debug|Any CPU.Build.0 = Debug|Any CPU
		{C2708C88-282C-4AAB-8205-E24897FF2A67}.Release|Any CPU.ActiveCfg = Release|Any CPU
		{C2708C88-282C-4AAB-8205-E24897FF2A67}.Release|Any CPU.Build.0 = Release|Any CPU
	EndGlobalSection
	GlobalSection(SolutionProperties) = preSolution
		HideSolutionNode = FALSE
	EndGlobalSection
	GlobalSection(ExtensibilityGlobals) = postSolution
		SolutionGuid = {97C41936-B31E-4BA4-A268-29379471D2DA}
	EndGlobalSection
EndGlobal
