
Microsoft Visual Studio Solution File, Format Version 12.00
# Visual Studio 15
VisualStudioVersion = 15.0.27428.2005
MinimumVisualStudioVersion = 10.0.40219.1
Project("{FAE04EC0-301F-11D3-BF4B-00C04F79EFBC}") = "Practice_IClonable", "Practice_IClonable\Practice_IClonable.csproj", "{3897FE39-7404-4D8B-A274-1D88BC7C9672}"
EndProject
Global
	GlobalSection(SolutionConfigurationPlatforms) = preSolution
		Debug|Any CPU = Debug|Any CPU
		Release|Any CPU = Release|Any CPU
	EndGlobalSection
	GlobalSection(ProjectConfigurationPlatforms) = postSolution
		{3897FE39-7404-4D8B-A274-1D88BC7C9672}.Debug|Any CPU.ActiveCfg = Debug|Any CPU
		{3897FE39-7404-4D8B-A274-1D88BC7C9672}.Debug|Any CPU.Build.0 = Debug|Any CPU
		{3897FE39-7404-4D8B-A274-1D88BC7C9672}.Release|Any CPU.ActiveCfg = Release|Any CPU
		{3897FE39-7404-4D8B-A274-1D88BC7C9672}.Release|Any CPU.Build.0 = Release|Any CPU
	EndGlobalSection
	GlobalSection(SolutionProperties) = preSolution
		HideSolutionNode = FALSE
	EndGlobalSection
	GlobalSection(ExtensibilityGlobals) = postSolution
		SolutionGuid = {05B7DDA1-500A-4047-8085-39645B6F0347}
	EndGlobalSection
EndGlobal
