
Microsoft Visual Studio Solution File, Format Version 12.00
# Visual Studio 15
VisualStudioVersion = 15.0.27428.2005
MinimumVisualStudioVersion = 10.0.40219.1
Project("{FAE04EC0-301F-11D3-BF4B-00C04F79EFBC}") = "L7-PracticeFirstUnitTest", "L7-PracticeFirstUnitTest\L7-PracticeFirstUnitTest.csproj", "{D063AE63-C7A5-4E06-8F73-C6AB993462F9}"
EndProject
Project("{FAE04EC0-301F-11D3-BF4B-00C04F79EFBC}") = "Solver", "Solver\Solver.csproj", "{3EAABBB7-994B-42CA-9CDF-7ADFDECAF10A}"
EndProject
Project("{FAE04EC0-301F-11D3-BF4B-00C04F79EFBC}") = "Solver.Test", "SolverTest\Solver.Test.csproj", "{701FBD28-9113-49E3-B311-60D50015717D}"
EndProject
Global
	GlobalSection(SolutionConfigurationPlatforms) = preSolution
		Debug|Any CPU = Debug|Any CPU
		Release|Any CPU = Release|Any CPU
	EndGlobalSection
	GlobalSection(ProjectConfigurationPlatforms) = postSolution
		{D063AE63-C7A5-4E06-8F73-C6AB993462F9}.Debug|Any CPU.ActiveCfg = Debug|Any CPU
		{D063AE63-C7A5-4E06-8F73-C6AB993462F9}.Debug|Any CPU.Build.0 = Debug|Any CPU
		{D063AE63-C7A5-4E06-8F73-C6AB993462F9}.Release|Any CPU.ActiveCfg = Release|Any CPU
		{D063AE63-C7A5-4E06-8F73-C6AB993462F9}.Release|Any CPU.Build.0 = Release|Any CPU
		{3EAABBB7-994B-42CA-9CDF-7ADFDECAF10A}.Debug|Any CPU.ActiveCfg = Debug|Any CPU
		{3EAABBB7-994B-42CA-9CDF-7ADFDECAF10A}.Debug|Any CPU.Build.0 = Debug|Any CPU
		{3EAABBB7-994B-42CA-9CDF-7ADFDECAF10A}.Release|Any CPU.ActiveCfg = Release|Any CPU
		{3EAABBB7-994B-42CA-9CDF-7ADFDECAF10A}.Release|Any CPU.Build.0 = Release|Any CPU
		{701FBD28-9113-49E3-B311-60D50015717D}.Debug|Any CPU.ActiveCfg = Debug|Any CPU
		{701FBD28-9113-49E3-B311-60D50015717D}.Debug|Any CPU.Build.0 = Debug|Any CPU
		{701FBD28-9113-49E3-B311-60D50015717D}.Release|Any CPU.ActiveCfg = Release|Any CPU
		{701FBD28-9113-49E3-B311-60D50015717D}.Release|Any CPU.Build.0 = Release|Any CPU
	EndGlobalSection
	GlobalSection(SolutionProperties) = preSolution
		HideSolutionNode = FALSE
	EndGlobalSection
	GlobalSection(ExtensibilityGlobals) = postSolution
		SolutionGuid = {055E7BAD-488E-4CF7-946E-9475930AC93E}
	EndGlobalSection
EndGlobal
