
Microsoft Visual Studio Solution File, Format Version 12.00
# Visual Studio 15
VisualStudioVersion = 15.0.27428.2005
MinimumVisualStudioVersion = 10.0.40219.1
Project("{FAE04EC0-301F-11D3-BF4B-00C04F79EFBC}") = "L1-Time", "L1-Time\L1-Time.csproj", "{0D5924A5-4060-4753-B878-E3CEDABCD3D6}"
EndProject
Global
	GlobalSection(SolutionConfigurationPlatforms) = preSolution
		Debug|Any CPU = Debug|Any CPU
		Release|Any CPU = Release|Any CPU
	EndGlobalSection
	GlobalSection(ProjectConfigurationPlatforms) = postSolution
		{0D5924A5-4060-4753-B878-E3CEDABCD3D6}.Debug|Any CPU.ActiveCfg = Debug|Any CPU
		{0D5924A5-4060-4753-B878-E3CEDABCD3D6}.Debug|Any CPU.Build.0 = Debug|Any CPU
		{0D5924A5-4060-4753-B878-E3CEDABCD3D6}.Release|Any CPU.ActiveCfg = Release|Any CPU
		{0D5924A5-4060-4753-B878-E3CEDABCD3D6}.Release|Any CPU.Build.0 = Release|Any CPU
	EndGlobalSection
	GlobalSection(SolutionProperties) = preSolution
		HideSolutionNode = FALSE
	EndGlobalSection
	GlobalSection(ExtensibilityGlobals) = postSolution
		SolutionGuid = {FD032FB8-C99E-4BCA-8DE0-E9E5B331CA6D}
	EndGlobalSection
EndGlobal
