
Microsoft Visual Studio Solution File, Format Version 12.00
# Visual Studio 15
VisualStudioVersion = 15.0.27428.2005
MinimumVisualStudioVersion = 10.0.40219.1
Project("{FAE04EC0-301F-11D3-BF4B-00C04F79EFBC}") = "L13-MiddleOfThree", "L13-MiddleOfThree\L13-MiddleOfThree.csproj", "{57B2EC3F-8320-4851-A707-02D9A909EED5}"
EndProject
Global
	GlobalSection(SolutionConfigurationPlatforms) = preSolution
		Debug|Any CPU = Debug|Any CPU
		Release|Any CPU = Release|Any CPU
	EndGlobalSection
	GlobalSection(ProjectConfigurationPlatforms) = postSolution
		{57B2EC3F-8320-4851-A707-02D9A909EED5}.Debug|Any CPU.ActiveCfg = Debug|Any CPU
		{57B2EC3F-8320-4851-A707-02D9A909EED5}.Debug|Any CPU.Build.0 = Debug|Any CPU
		{57B2EC3F-8320-4851-A707-02D9A909EED5}.Release|Any CPU.ActiveCfg = Release|Any CPU
		{57B2EC3F-8320-4851-A707-02D9A909EED5}.Release|Any CPU.Build.0 = Release|Any CPU
	EndGlobalSection
	GlobalSection(SolutionProperties) = preSolution
		HideSolutionNode = FALSE
	EndGlobalSection
	GlobalSection(ExtensibilityGlobals) = postSolution
		SolutionGuid = {75B17754-F4A2-4160-90A7-FA897BB74F6C}
	EndGlobalSection
EndGlobal
