
Microsoft Visual Studio Solution File, Format Version 12.00
# Visual Studio 15
VisualStudioVersion = 15.0.27428.2005
MinimumVisualStudioVersion = 10.0.40219.1
Project("{FAE04EC0-301F-11D3-BF4B-00C04F79EFBC}") = "Generics_Inheritance_Practice", "Generics_Inheritance_Practice\Generics_Inheritance_Practice.csproj", "{441AE24D-F1AB-496D-9417-0A803D6AE5BB}"
EndProject
Global
	GlobalSection(SolutionConfigurationPlatforms) = preSolution
		Debug|Any CPU = Debug|Any CPU
		Release|Any CPU = Release|Any CPU
	EndGlobalSection
	GlobalSection(ProjectConfigurationPlatforms) = postSolution
		{441AE24D-F1AB-496D-9417-0A803D6AE5BB}.Debug|Any CPU.ActiveCfg = Debug|Any CPU
		{441AE24D-F1AB-496D-9417-0A803D6AE5BB}.Debug|Any CPU.Build.0 = Debug|Any CPU
		{441AE24D-F1AB-496D-9417-0A803D6AE5BB}.Release|Any CPU.ActiveCfg = Release|Any CPU
		{441AE24D-F1AB-496D-9417-0A803D6AE5BB}.Release|Any CPU.Build.0 = Release|Any CPU
	EndGlobalSection
	GlobalSection(SolutionProperties) = preSolution
		HideSolutionNode = FALSE
	EndGlobalSection
	GlobalSection(ExtensibilityGlobals) = postSolution
		SolutionGuid = {00327FF3-18DD-48BB-9940-D4A28794CE06}
	EndGlobalSection
EndGlobal
