
Microsoft Visual Studio Solution File, Format Version 12.00
# Visual Studio 15
VisualStudioVersion = 15.0.28307.645
MinimumVisualStudioVersion = 10.0.40219.1
Project("{9A19103F-16F7-4668-BE54-9A1E7A4F7556}") = "PerfectNumbers", "PerfectNumbers.csproj", "{7AFD0E37-9A84-439C-8E73-4A89322CD92A}"
EndProject
Global
	GlobalSection(SolutionConfigurationPlatforms) = preSolution
		Debug|Any CPU = Debug|Any CPU
		Release|Any CPU = Release|Any CPU
	EndGlobalSection
	GlobalSection(ProjectConfigurationPlatforms) = postSolution
		{7AFD0E37-9A84-439C-8E73-4A89322CD92A}.Debug|Any CPU.ActiveCfg = Debug|Any CPU
		{7AFD0E37-9A84-439C-8E73-4A89322CD92A}.Debug|Any CPU.Build.0 = Debug|Any CPU
		{7AFD0E37-9A84-439C-8E73-4A89322CD92A}.Release|Any CPU.ActiveCfg = Release|Any CPU
		{7AFD0E37-9A84-439C-8E73-4A89322CD92A}.Release|Any CPU.Build.0 = Release|Any CPU
	EndGlobalSection
	GlobalSection(SolutionProperties) = preSolution
		HideSolutionNode = FALSE
	EndGlobalSection
	GlobalSection(ExtensibilityGlobals) = postSolution
		SolutionGuid = {ADFD3ACB-8AF7-43F1-9E34-8098415D350C}
	EndGlobalSection
EndGlobal
