
Microsoft Visual Studio Solution File, Format Version 12.00
# Visual Studio 15
VisualStudioVersion = 15.0.28307.271
MinimumVisualStudioVersion = 10.0.40219.1
Project("{9A19103F-16F7-4668-BE54-9A1E7A4F7556}") = "Pangram", "Pangram.csproj", "{C7D6EFA3-697A-4F52-8171-9A537D085579}"
EndProject
Global
	GlobalSection(SolutionConfigurationPlatforms) = preSolution
		Debug|Any CPU = Debug|Any CPU
		Release|Any CPU = Release|Any CPU
	EndGlobalSection
	GlobalSection(ProjectConfigurationPlatforms) = postSolution
		{C7D6EFA3-697A-4F52-8171-9A537D085579}.Debug|Any CPU.ActiveCfg = Debug|Any CPU
		{C7D6EFA3-697A-4F52-8171-9A537D085579}.Debug|Any CPU.Build.0 = Debug|Any CPU
		{C7D6EFA3-697A-4F52-8171-9A537D085579}.Release|Any CPU.ActiveCfg = Release|Any CPU
		{C7D6EFA3-697A-4F52-8171-9A537D085579}.Release|Any CPU.Build.0 = Release|Any CPU
	EndGlobalSection
	GlobalSection(SolutionProperties) = preSolution
		HideSolutionNode = FALSE
	EndGlobalSection
	GlobalSection(ExtensibilityGlobals) = postSolution
		SolutionGuid = {899B788A-0C69-4772-9176-6DF60185A041}
	EndGlobalSection
EndGlobal
