
Microsoft Visual Studio Solution File, Format Version 12.00
# Visual Studio 15
VisualStudioVersion = 15.0.27428.2005
MinimumVisualStudioVersion = 10.0.40219.1
Project("{FAE04EC0-301F-11D3-BF4B-00C04F79EFBC}") = "LetterboxPaintSquad", "LetterboxPaintSquad\LetterboxPaintSquad.csproj", "{30F811E0-2812-4638-A524-E0B82AEA65AB}"
EndProject
Global
	GlobalSection(SolutionConfigurationPlatforms) = preSolution
		Debug|Any CPU = Debug|Any CPU
		Release|Any CPU = Release|Any CPU
	EndGlobalSection
	GlobalSection(ProjectConfigurationPlatforms) = postSolution
		{30F811E0-2812-4638-A524-E0B82AEA65AB}.Debug|Any CPU.ActiveCfg = Debug|Any CPU
		{30F811E0-2812-4638-A524-E0B82AEA65AB}.Debug|Any CPU.Build.0 = Debug|Any CPU
		{30F811E0-2812-4638-A524-E0B82AEA65AB}.Release|Any CPU.ActiveCfg = Release|Any CPU
		{30F811E0-2812-4638-A524-E0B82AEA65AB}.Release|Any CPU.Build.0 = Release|Any CPU
	EndGlobalSection
	GlobalSection(SolutionProperties) = preSolution
		HideSolutionNode = FALSE
	EndGlobalSection
	GlobalSection(ExtensibilityGlobals) = postSolution
		SolutionGuid = {DEE8E5FC-35FA-4D37-BED6-5475B2B1A6DF}
	EndGlobalSection
EndGlobal
