
Microsoft Visual Studio Solution File, Format Version 12.00
# Visual Studio 15
VisualStudioVersion = 15.0.27428.2005
MinimumVisualStudioVersion = 10.0.40219.1
Project("{FAE04EC0-301F-11D3-BF4B-00C04F79EFBC}") = "L5-EvenArray", "L5-EvenArray\L5-EvenArray.csproj", "{9BBD2231-C4A0-4618-98FB-32538F1CD57D}"
EndProject
Global
	GlobalSection(SolutionConfigurationPlatforms) = preSolution
		Debug|Any CPU = Debug|Any CPU
		Release|Any CPU = Release|Any CPU
	EndGlobalSection
	GlobalSection(ProjectConfigurationPlatforms) = postSolution
		{9BBD2231-C4A0-4618-98FB-32538F1CD57D}.Debug|Any CPU.ActiveCfg = Debug|Any CPU
		{9BBD2231-C4A0-4618-98FB-32538F1CD57D}.Debug|Any CPU.Build.0 = Debug|Any CPU
		{9BBD2231-C4A0-4618-98FB-32538F1CD57D}.Release|Any CPU.ActiveCfg = Release|Any CPU
		{9BBD2231-C4A0-4618-98FB-32538F1CD57D}.Release|Any CPU.Build.0 = Release|Any CPU
	EndGlobalSection
	GlobalSection(SolutionProperties) = preSolution
		HideSolutionNode = FALSE
	EndGlobalSection
	GlobalSection(ExtensibilityGlobals) = postSolution
		SolutionGuid = {55451F0F-F2DF-4DE8-8D8D-D2E283548A80}
	EndGlobalSection
EndGlobal
