
Microsoft Visual Studio Solution File, Format Version 12.00
# Visual Studio 15
VisualStudioVersion = 15.0.28307.271
MinimumVisualStudioVersion = 10.0.40219.1
Project("{9A19103F-16F7-4668-BE54-9A1E7A4F7556}") = "TwoFer", "TwoFer.csproj", "{AF24E1AA-18B9-475B-8F11-5A9DA7F7B602}"
EndProject
Global
	GlobalSection(SolutionConfigurationPlatforms) = preSolution
		Debug|Any CPU = Debug|Any CPU
		Release|Any CPU = Release|Any CPU
	EndGlobalSection
	GlobalSection(ProjectConfigurationPlatforms) = postSolution
		{AF24E1AA-18B9-475B-8F11-5A9DA7F7B602}.Debug|Any CPU.ActiveCfg = Debug|Any CPU
		{AF24E1AA-18B9-475B-8F11-5A9DA7F7B602}.Debug|Any CPU.Build.0 = Debug|Any CPU
		{AF24E1AA-18B9-475B-8F11-5A9DA7F7B602}.Release|Any CPU.ActiveCfg = Release|Any CPU
		{AF24E1AA-18B9-475B-8F11-5A9DA7F7B602}.Release|Any CPU.Build.0 = Release|Any CPU
	EndGlobalSection
	GlobalSection(SolutionProperties) = preSolution
		HideSolutionNode = FALSE
	EndGlobalSection
	GlobalSection(ExtensibilityGlobals) = postSolution
		SolutionGuid = {F65EE660-8337-462F-8D7A-1B35D11DA5C8}
	EndGlobalSection
EndGlobal
