
Microsoft Visual Studio Solution File, Format Version 12.00
# Visual Studio 15
VisualStudioVersion = 15.0.28307.645
MinimumVisualStudioVersion = 10.0.40219.1
Project("{9A19103F-16F7-4668-BE54-9A1E7A4F7556}") = "Leap", "Leap.csproj", "{1F40D683-0E83-4856-A8DF-AEA8B62AB71D}"
EndProject
Global
	GlobalSection(SolutionConfigurationPlatforms) = preSolution
		Debug|Any CPU = Debug|Any CPU
		Release|Any CPU = Release|Any CPU
	EndGlobalSection
	GlobalSection(ProjectConfigurationPlatforms) = postSolution
		{1F40D683-0E83-4856-A8DF-AEA8B62AB71D}.Debug|Any CPU.ActiveCfg = Debug|Any CPU
		{1F40D683-0E83-4856-A8DF-AEA8B62AB71D}.Debug|Any CPU.Build.0 = Debug|Any CPU
		{1F40D683-0E83-4856-A8DF-AEA8B62AB71D}.Release|Any CPU.ActiveCfg = Release|Any CPU
		{1F40D683-0E83-4856-A8DF-AEA8B62AB71D}.Release|Any CPU.Build.0 = Release|Any CPU
	EndGlobalSection
	GlobalSection(SolutionProperties) = preSolution
		HideSolutionNode = FALSE
	EndGlobalSection
	GlobalSection(ExtensibilityGlobals) = postSolution
		SolutionGuid = {718981E2-2A43-4082-9F52-C4BDBCEE426E}
	EndGlobalSection
EndGlobal
